
Microsoft Visual Studio Solution File, Format Version 12.00
# Visual Studio Version 17
VisualStudioVersion = 17.9.34723.18
MinimumVisualStudioVersion = 10.0.40219.1
Project("{9A19103F-16F7-4668-BE54-9A1E7A4F7556}") = "BulkyWeb", "BulkyWeb\BulkyWeb.csproj", "{1CD34A12-5FE6-4FF3-A7F8-AB3991421ED4}"
EndProject
Project("{FAE04EC0-301F-11D3-BF4B-00C04F79EFBC}") = "Bulky.DataAccess", "Bulky.DataAccess\Bulky.DataAccess.csproj", "{C4CF63D4-169C-40D1-AD85-1F83B861A7F8}"
EndProject
Project("{FAE04EC0-301F-11D3-BF4B-00C04F79EFBC}") = "Bulky.Models", "Bulky.Models\Bulky.Models.csproj", "{DFE0E7B3-F70E-4A6D-BB9B-A23029A6978B}"
EndProject
Project("{FAE04EC0-301F-11D3-BF4B-00C04F79EFBC}") = "Bulky.Utility", "Bulky.Utility\Bulky.Utility.csproj", "{70E1B714-6A48-494F-B00F-A7F10A4D7C66}"
EndProject
Global
	GlobalSection(SolutionConfigurationPlatforms) = preSolution
		Debug|Any CPU = Debug|Any CPU
		Release|Any CPU = Release|Any CPU
	EndGlobalSection
	GlobalSection(ProjectConfigurationPlatforms) = postSolution
		{1CD34A12-5FE6-4FF3-A7F8-AB3991421ED4}.Debug|Any CPU.ActiveCfg = Debug|Any CPU
		{1CD34A12-5FE6-4FF3-A7F8-AB3991421ED4}.Debug|Any CPU.Build.0 = Debug|Any CPU
		{1CD34A12-5FE6-4FF3-A7F8-AB3991421ED4}.Release|Any CPU.ActiveCfg = Release|Any CPU
		{1CD34A12-5FE6-4FF3-A7F8-AB3991421ED4}.Release|Any CPU.Build.0 = Release|Any CPU
		{C4CF63D4-169C-40D1-AD85-1F83B861A7F8}.Debug|Any CPU.ActiveCfg = Debug|Any CPU
		{C4CF63D4-169C-40D1-AD85-1F83B861A7F8}.Debug|Any CPU.Build.0 = Debug|Any CPU
		{C4CF63D4-169C-40D1-AD85-1F83B861A7F8}.Release|Any CPU.ActiveCfg = Release|Any CPU
		{C4CF63D4-169C-40D1-AD85-1F83B861A7F8}.Release|Any CPU.Build.0 = Release|Any CPU
		{DFE0E7B3-F70E-4A6D-BB9B-A23029A6978B}.Debug|Any CPU.ActiveCfg = Debug|Any CPU
		{DFE0E7B3-F70E-4A6D-BB9B-A23029A6978B}.Debug|Any CPU.Build.0 = Debug|Any CPU
		{DFE0E7B3-F70E-4A6D-BB9B-A23029A6978B}.Release|Any CPU.ActiveCfg = Release|Any CPU
		{DFE0E7B3-F70E-4A6D-BB9B-A23029A6978B}.Release|Any CPU.Build.0 = Release|Any CPU
		{70E1B714-6A48-494F-B00F-A7F10A4D7C66}.Debug|Any CPU.ActiveCfg = Debug|Any CPU
		{70E1B714-6A48-494F-B00F-A7F10A4D7C66}.Debug|Any CPU.Build.0 = Debug|Any CPU
		{70E1B714-6A48-494F-B00F-A7F10A4D7C66}.Release|Any CPU.ActiveCfg = Release|Any CPU
		{70E1B714-6A48-494F-B00F-A7F10A4D7C66}.Release|Any CPU.Build.0 = Release|Any CPU
	EndGlobalSection
	GlobalSection(SolutionProperties) = preSolution
		HideSolutionNode = FALSE
	EndGlobalSection
	GlobalSection(ExtensibilityGlobals) = postSolution
		SolutionGuid = {11EFC69D-E9EF-4AC6-9E68-147F0ED4027D}
	EndGlobalSection
EndGlobal
